<?xml version="1.0" encoding="utf-8"?>
<Project ToolsVersion="4.0" xmlns="http://schemas.microsoft.com/developer/msbuild/2003">
  <ItemGroup>
    <Filter Include="Source">
      <UniqueIdentifier>{2E4D90E4-DA3C-4F54-94EA-7025C3D947DA}</UniqueIdentifier>
    </Filter>
    <Filter Include="Headers">
      <UniqueIdentifier>{03982A81-4F0E-4E03-85C9-843630A39F7F}</UniqueIdentifier>
    </Filter>
    <Filter Include="Tests">
      <UniqueIdentifier>{9F9A9213-6120-428F-9C87-23C4E5E062E1}</UniqueIdentifier>
    </Filter>
    <Filter Include="KswordFrame3.0">
      <UniqueIdentifier>{EC3C1C51-D27D-4D3A-8A41-903E4CD6D91C}</UniqueIdentifier>
    </Filter>
    <Filter Include="KswordFrame3.0\\KswordGUI">
      <UniqueIdentifier>{275439FE-176E-4D78-A71C-E79147B1EA50}</UniqueIdentifier>
    </Filter>
    <Filter Include="KswordFrame3.0\\KswordHelper">
      <UniqueIdentifier>{70C07664-93C3-494E-9B99-64F8C75C6B00}</UniqueIdentifier>
    </Filter>
    <Filter Include="KswordFrame3.0\\KswordWinAPICore">
      <UniqueIdentifier>{9AAE7E0B-306E-4012-86C4-A20653F9F217}</UniqueIdentifier>
    </Filter>
    <Filter Include="Project">
      <UniqueIdentifier>{C7E57A54-5028-4619-86B3-7F97FA7D6339}</UniqueIdentifier>
    </Filter>
  </ItemGroup>

  <ItemGroup>
    <ClCompile Include="src\main.cpp">
      <Filter>Source</Filter>
    </ClCompile>
    <ClCompile Include="src\app_gui.cpp">
      <Filter>Source</Filter>
    </ClCompile>
    <ClCompile Include="src\copyable_widgets.cpp">
      <Filter>Source</Filter>
    </ClCompile>
    <ClCompile Include="src\protocol.cpp">
      <Filter>Source</Filter>
    </ClCompile>
    <ClCompile Include="src\preview_reassembler.cpp">
      <Filter>Source</Filter>
    </ClCompile>
    <ClCompile Include="src\image_fix.cpp">
      <Filter>Source</Filter>
    </ClCompile>
    <ClCompile Include="src\teacher_service.cpp">
      <Filter>Source</Filter>
    </ClCompile>
    <ClCompile Include="$(KswordFrameRoot)\KswordGUI\KswordStyle.cpp">
      <Filter>KswordFrame3.0\KswordGUI</Filter>
    </ClCompile>
    <ClCompile Include="$(KswordFrameRoot)\KswordGUI\KDataView.cpp">
      <Filter>KswordFrame3.0\KswordGUI</Filter>
    </ClCompile>
    <ClCompile Include="$(KswordFrameRoot)\KswordGUI\KDock.cpp">
      <Filter>KswordFrame3.0\KswordGUI</Filter>
    </ClCompile>
    <ClCompile Include="$(KswordFrameRoot)\KswordGUI\KIcon.cpp">
      <Filter>KswordFrame3.0\KswordGUI</Filter>
    </ClCompile>
    <ClCompile Include="$(KswordFrameRoot)\KswordGUI\KImage.cpp">
      <Filter>KswordFrame3.0\KswordGUI</Filter>
    </ClCompile>
    <ClCompile Include="$(KswordFrameRoot)\KswordGUI\KLayout.cpp">
      <Filter>KswordFrame3.0\KswordGUI</Filter>
    </ClCompile>
    <ClCompile Include="$(KswordFrameRoot)\KswordGUI\KNavigation.cpp">
      <Filter>KswordFrame3.0\KswordGUI</Filter>
    </ClCompile>
    <ClCompile Include="$(KswordFrameRoot)\KswordGUI\KOverlay.cpp">
      <Filter>KswordFrame3.0\KswordGUI</Filter>
    </ClCompile>
    <ClCompile Include="$(KswordFrameRoot)\KswordGUI\KShowcasePages.cpp">
      <Filter>KswordFrame3.0\KswordGUI</Filter>
    </ClCompile>
    <ClCompile Include="$(KswordFrameRoot)\KswordGUI\KTable.cpp">
      <Filter>KswordFrame3.0\KswordGUI</Filter>
    </ClCompile>
    <ClCompile Include="$(KswordFrameRoot)\KswordGUI\KTheme.cpp">
      <Filter>KswordFrame3.0\KswordGUI</Filter>
    </ClCompile>
    <ClCompile Include="$(KswordFrameRoot)\KswordGUI\KTitleBar.cpp">
      <Filter>KswordFrame3.0\KswordGUI</Filter>
    </ClCompile>
    <ClCompile Include="$(KswordFrameRoot)\KswordGUI\KVisual.cpp">
      <Filter>KswordFrame3.0\KswordGUI</Filter>
    </ClCompile>
    <ClCompile Include="$(KswordFrameRoot)\KswordGUI\KWidgetFactories.cpp">
      <Filter>KswordFrame3.0\KswordGUI</Filter>
    </ClCompile>
    <ClCompile Include="$(KswordFrameRoot)\KswordGUI\KWidgets.cpp">
      <Filter>KswordFrame3.0\KswordGUI</Filter>
    </ClCompile>
    <ClCompile Include="$(KswordFrameRoot)\KswordHelper\KJson.cpp">
      <Filter>KswordFrame3.0\KswordHelper</Filter>
    </ClCompile>
    <ClCompile Include="$(KswordFrameRoot)\KswordHelper\KObject.cpp">
      <Filter>KswordFrame3.0\KswordHelper</Filter>
    </ClCompile>
    <ClCompile Include="$(KswordFrameRoot)\KswordHelper\KSettings.cpp">
      <Filter>KswordFrame3.0\KswordHelper</Filter>
    </ClCompile>
    <ClCompile Include="$(KswordFrameRoot)\KswordHelper\KString.cpp">
      <Filter>KswordFrame3.0\KswordHelper</Filter>
    </ClCompile>
    <ClCompile Include="$(KswordFrameRoot)\KswordHelper\KVariant.cpp">
      <Filter>KswordFrame3.0\KswordHelper</Filter>
    </ClCompile>
    <ClCompile Include="$(KswordFrameRoot)\KswordWinAPICore\Environment.cpp">
      <Filter>KswordFrame3.0\KswordWinAPICore</Filter>
    </ClCompile>
    <ClCompile Include="$(KswordFrameRoot)\KswordWinAPICore\KLog.cpp">
      <Filter>KswordFrame3.0\KswordWinAPICore</Filter>
    </ClCompile>
    <ClCompile Include="$(KswordFrameRoot)\KswordWinAPICore\ksword.cpp">
      <Filter>KswordFrame3.0\KswordWinAPICore</Filter>
    </ClCompile>
  </ItemGroup>
  <ItemGroup>
    <ClInclude Include="src\app_gui.hpp">
      <Filter>Headers</Filter>
    </ClInclude>
    <ClInclude Include="src\copyable_widgets.hpp">
      <Filter>Headers</Filter>
    </ClInclude>
    <ClInclude Include="src\image_fix.hpp">
      <Filter>Headers</Filter>
    </ClInclude>
    <ClInclude Include="src\preview_reassembler.hpp">
      <Filter>Headers</Filter>
    </ClInclude>
    <ClInclude Include="src\protocol.hpp">
      <Filter>Headers</Filter>
    </ClInclude>
    <ClInclude Include="src\teacher_service.hpp">
      <Filter>Headers</Filter>
    </ClInclude>
  </ItemGroup>
  <ItemGroup>
    <None Include="README.md">
      <Filter>Project</Filter>
    </None>
    <None Include="vcpkg.json">
      <Filter>Project</Filter>
    </None>
    <None Include="JiYuCommon.props">
      <Filter>Project</Filter>
    </None>
    <None Include="build-msbuild.ps1">
      <Filter>Project</Filter>
    </None>
  </ItemGroup>
</Project>
